{
  "version": 4,
  "terraform_version": "1.1.6",
  "serial": 119,
  "lineage": "2e90ebb7-1b07-4785-61e5-c2d77d6441fe",
  "outputs": {},
  "resources": [
    {
      "mode": "data",
      "type": "aws_ami",
      "name": "latest-amazon-linux-image",
      "provider": "provider[\"registry.terraform.io/hashicorp/aws\"]",
      "instances": [
        {
          "schema_version": 0,
          "attributes": {
            "architecture": "x86_64",
            "arn": "arn:aws:ec2:eu-west-3::image/ami-03c2abbbe8af9a7e6",
            "block_device_mappings": [
              {
                "device_name": "/dev/xvda",
                "ebs": {
                  "delete_on_termination": "true",
                  "encrypted": "false",
                  "iops": "0",
                  "snapshot_id": "snap-022985eb740fb4f8e",
                  "throughput": "0",
                  "volume_size": "8",
                  "volume_type": "gp2"
                },
                "no_device": "",
                "virtual_name": ""
              }
            ],
            "boot_mode": "",
            "creation_date": "2022-11-14T23:00:15.000Z",
            "deprecation_time": "2024-11-14T23:00:15.000Z",
            "description": "Amazon Linux 2 AMI 2.0.20221103.3 x86_64 HVM gp2",
            "ena_support": true,
            "executable_users": null,
            "filter": [
              {
                "name": "name",
                "values": [
                  "amzn2-ami-hvm-*-x86_64-gp2"
                ]
              },
              {
                "name": "virtualization-type",
                "values": [
                  "hvm"
                ]
              }
            ],
            "hypervisor": "xen",
            "id": "ami-03c2abbbe8af9a7e6",
            "image_id": "ami-03c2abbbe8af9a7e6",
            "image_location": "amazon/amzn2-ami-hvm-2.0.20221103.3-x86_64-gp2",
            "image_owner_alias": "amazon",
            "image_type": "machine",
            "imds_support": "",
            "include_deprecated": false,
            "kernel_id": "",
            "most_recent": true,
            "name": "amzn2-ami-hvm-2.0.20221103.3-x86_64-gp2",
            "name_regex": null,
            "owner_id": "137112412989",
            "owners": [
              "amazon"
            ],
            "platform": "",
            "platform_details": "Linux/UNIX",
            "product_codes": [],
            "public": true,
            "ramdisk_id": "",
            "root_device_name": "/dev/xvda",
            "root_device_type": "ebs",
            "root_snapshot_id": "snap-022985eb740fb4f8e",
            "sriov_net_support": "simple",
            "state": "available",
            "state_reason": {
              "code": "UNSET",
              "message": "UNSET"
            },
            "tags": {},
            "timeouts": null,
            "tpm_support": "",
            "usage_operation": "RunInstances",
            "virtualization_type": "hvm"
          },
          "sensitive_attributes": []
        }
      ]
    },
    {
      "mode": "managed",
      "type": "aws_key_pair",
      "name": "ssh-key",
      "provider": "provider[\"registry.terraform.io/hashicorp/aws\"]",
      "instances": [
        {
          "schema_version": 1,
          "attributes": {
            "arn": "arn:aws:ec2:eu-west-3:857044413867:key-pair/server-ssh-key",
            "fingerprint": "d3:7d:e3:f6:2f:16:8d:fd:a8:92:cc:9d:e6:3a:ad:ba",
            "id": "server-ssh-key",
            "key_name": "server-ssh-key",
            "key_name_prefix": "",
            "key_pair_id": "key-0579d1180ba893b2a",
            "key_type": "rsa",
            "public_key": "---- BEGIN SSH2 PUBLIC KEY ----\r\nComment: \"rsa-key-20221107-mk\"\r\nAAAAB3NzaC1yc2EAAAADAQABAAABAQDhfHQS/ziH1VYQ2fMooajFwXcl/0gDyQDu\r\nVO0KGAUJlFwrvq8iAG7P4q5IX+J4Q0DzQOtbzbJ96kPgBmdU/AHncTGTofpP436V\r\na6p19nPOhq2R0h+iMs78rmwLg52s8J5hXHsUipEqfua/hdjhXeDmr3NvlQX+/70M\r\n+uQNCLLo4yqdhci0NGl+rC+HUelzMIn5RvfTRi+vI/9aCvp9OChhqrsTmjVchS6d\r\nXpyYbyK2tqXpsp9wBo1sfAuIcfHH6ERB5GH9StVANwEz79Rca6aYQHdJBtxlvJmM\r\nnEftu6DZ3byKWeOxI3V7JOTIwyO5DWEkDZs+L3/YvcyzqB8CkmGZ\r\n---- END SSH2 PUBLIC KEY ----",
            "tags": {},
            "tags_all": {}
          },
          "sensitive_attributes": [],
          "private": "eyJzY2hlbWFfdmVyc2lvbiI6IjEifQ=="
        }
      ]
    },
    {
      "mode": "managed",
      "type": "aws_security_group",
      "name": "my-app-sg",
      "provider": "provider[\"registry.terraform.io/hashicorp/aws\"]",
      "instances": [
        {
          "schema_version": 1,
          "attributes": {
            "arn": "arn:aws:ec2:eu-west-3:857044413867:security-group/sg-0eed33d439dda174c",
            "description": "Managed by Terraform",
            "egress": [
              {
                "cidr_blocks": [
                  "0.0.0.0/0"
                ],
                "description": "",
                "from_port": 0,
                "ipv6_cidr_blocks": [],
                "prefix_list_ids": [],
                "protocol": "-1",
                "security_groups": [],
                "self": false,
                "to_port": 0
              }
            ],
            "id": "sg-0eed33d439dda174c",
            "ingress": [
              {
                "cidr_blocks": [
                  "0.0.0.0/0"
                ],
                "description": "",
                "from_port": 8080,
                "ipv6_cidr_blocks": [],
                "prefix_list_ids": [],
                "protocol": "tcp",
                "security_groups": [],
                "self": false,
                "to_port": 8080
              },
              {
                "cidr_blocks": [
                  "154.192.32.159/32"
                ],
                "description": "",
                "from_port": 22,
                "ipv6_cidr_blocks": [],
                "prefix_list_ids": [],
                "protocol": "tcp",
                "security_groups": [],
                "self": false,
                "to_port": 22
              }
            ],
            "name": "var.aws_security_group.id",
            "name_prefix": "",
            "owner_id": "857044413867",
            "revoke_rules_on_delete": false,
            "tags": {
              "name": "dev-sg"
            },
            "tags_all": {
              "name": "dev-sg"
            },
            "timeouts": null,
            "vpc_id": "vpc-0c08dd857186e7db3"
          },
          "sensitive_attributes": [],
          "private": "eyJlMmJmYjczMC1lY2FhLTExZTYtOGY4OC0zNDM2M2JjN2M0YzAiOnsiY3JlYXRlIjo2MDAwMDAwMDAwMDAsImRlbGV0ZSI6OTAwMDAwMDAwMDAwfSwic2NoZW1hX3ZlcnNpb24iOiIxIn0=",
          "dependencies": [
            "aws_vpc.mk-app-vpc"
          ]
        }
      ]
    },
    {
      "mode": "managed",
      "type": "aws_vpc",
      "name": "mk-app-vpc",
      "provider": "provider[\"registry.terraform.io/hashicorp/aws\"]",
      "instances": [
        {
          "schema_version": 1,
          "attributes": {
            "arn": "arn:aws:ec2:eu-west-3:857044413867:vpc/vpc-0c08dd857186e7db3",
            "assign_generated_ipv6_cidr_block": false,
            "cidr_block": "10.0.0.0/16",
            "default_network_acl_id": "acl-0d1c319cd8e57d543",
            "default_route_table_id": "rtb-09111ff0f70404bff",
            "default_security_group_id": "sg-0289ff2f8d0f07335",
            "dhcp_options_id": "dopt-c10e32a8",
            "enable_classiclink": false,
            "enable_classiclink_dns_support": false,
            "enable_dns_hostnames": false,
            "enable_dns_support": true,
            "enable_network_address_usage_metrics": false,
            "id": "vpc-0c08dd857186e7db3",
            "instance_tenancy": "default",
            "ipv4_ipam_pool_id": null,
            "ipv4_netmask_length": null,
            "ipv6_association_id": "",
            "ipv6_cidr_block": "",
            "ipv6_cidr_block_network_border_group": "",
            "ipv6_ipam_pool_id": "",
            "ipv6_netmask_length": 0,
            "main_route_table_id": "rtb-09111ff0f70404bff",
            "owner_id": "857044413867",
            "tags": {
              "Name": "dev-vpc"
            },
            "tags_all": {
              "Name": "dev-vpc"
            }
          },
          "sensitive_attributes": [],
          "private": "eyJzY2hlbWFfdmVyc2lvbiI6IjEifQ=="
        }
      ]
    }
  ]
}
